
Microsoft Visual Studio Solution File, Format Version 12.00
# Visual Studio 14
VisualStudioVersion = 14.0.25420.1
MinimumVisualStudioVersion = 10.0.40219.1
Project("{FAE04EC0-301F-11D3-BF4B-00C04F79EFBC}") = "Tehtava1", "Tehtava1\Tehtava1.csproj", "{E563C86C-C27C-4156-A244-D01B01592313}"
EndProject
Project("{FAE04EC0-301F-11D3-BF4B-00C04F79EFBC}") = "Tehtava2", "Tehtava2\Tehtava2.csproj", "{5FAFC3C3-2D58-4EF4-8F0D-EF9AAA1589C1}"
EndProject
Project("{FAE04EC0-301F-11D3-BF4B-00C04F79EFBC}") = "Tehtava3", "Tehtava3\Tehtava3.csproj", "{377409B1-FB7B-49C7-93AA-A495DA3F95E8}"
EndProject
Global
	GlobalSection(SolutionConfigurationPlatforms) = preSolution
		Debug|Any CPU = Debug|Any CPU
		Release|Any CPU = Release|Any CPU
	EndGlobalSection
	GlobalSection(ProjectConfigurationPlatforms) = postSolution
		{E563C86C-C27C-4156-A244-D01B01592313}.Debug|Any CPU.ActiveCfg = Debug|Any CPU
		{E563C86C-C27C-4156-A244-D01B01592313}.Debug|Any CPU.Build.0 = Debug|Any CPU
		{E563C86C-C27C-4156-A244-D01B01592313}.Release|Any CPU.ActiveCfg = Release|Any CPU
		{E563C86C-C27C-4156-A244-D01B01592313}.Release|Any CPU.Build.0 = Release|Any CPU
		{5FAFC3C3-2D58-4EF4-8F0D-EF9AAA1589C1}.Debug|Any CPU.ActiveCfg = Debug|Any CPU
		{5FAFC3C3-2D58-4EF4-8F0D-EF9AAA1589C1}.Debug|Any CPU.Build.0 = Debug|Any CPU
		{5FAFC3C3-2D58-4EF4-8F0D-EF9AAA1589C1}.Release|Any CPU.ActiveCfg = Release|Any CPU
		{5FAFC3C3-2D58-4EF4-8F0D-EF9AAA1589C1}.Release|Any CPU.Build.0 = Release|Any CPU
		{377409B1-FB7B-49C7-93AA-A495DA3F95E8}.Debug|Any CPU.ActiveCfg = Debug|Any CPU
		{377409B1-FB7B-49C7-93AA-A495DA3F95E8}.Debug|Any CPU.Build.0 = Debug|Any CPU
		{377409B1-FB7B-49C7-93AA-A495DA3F95E8}.Release|Any CPU.ActiveCfg = Release|Any CPU
		{377409B1-FB7B-49C7-93AA-A495DA3F95E8}.Release|Any CPU.Build.0 = Release|Any CPU
	EndGlobalSection
	GlobalSection(SolutionProperties) = preSolution
		HideSolutionNode = FALSE
	EndGlobalSection
EndGlobal
